// !$*UTF8*$!
{
	archiveVersion = 1;
	classes = {
	};
	objectVersion = 56;
	objects = {

/* Begin PBXBuildFile section */
		317AA1F82934E1A10048C90C /* landmarkData.json in Resources */ = {isa = PBXBuildFile; fileRef = 317AA1F72934E1A10048C90C /* landmarkData.json */; };
		317AA1FA2934E1D90048C90C /* Landmark.swift in Sources */ = {isa = PBXBuildFile; fileRef = 317AA1F92934E1D90048C90C /* Landmark.swift */; };
		317AA1FC2934E57C0048C90C /* ModelData.swift in Sources */ = {isa = PBXBuildFile; fileRef = 317AA1FB2934E57C0048C90C /* ModelData.swift */; };
		318A6D9F293782E200637D11 /* LandmarkRow.swift in Sources */ = {isa = PBXBuildFile; fileRef = 318A6D9E293782E200637D11 /* LandmarkRow.swift */; };
		318A6DA12937875A00637D11 /* LandmarkList.swift in Sources */ = {isa = PBXBuildFile; fileRef = 318A6DA02937875A00637D11 /* LandmarkList.swift */; };
		318A6DA329378BFD00637D11 /* LandmarkDetail.swift in Sources */ = {isa = PBXBuildFile; fileRef = 318A6DA229378BFD00637D11 /* LandmarkDetail.swift */; };
		31E43496293397F6001711BC /* LandmarksApp.swift in Sources */ = {isa = PBXBuildFile; fileRef = 31E43495293397F6001711BC /* LandmarksApp.swift */; };
		31E43498293397F6001711BC /* ContentView.swift in Sources */ = {isa = PBXBuildFile; fileRef = 31E43497293397F6001711BC /* ContentView.swift */; };
		31E4349A293397F7001711BC /* Assets.xcassets in Resources */ = {isa = PBXBuildFile; fileRef = 31E43499293397F7001711BC /* Assets.xcassets */; };
		31E4349D293397F7001711BC /* Preview Assets.xcassets in Resources */ = {isa = PBXBuildFile; fileRef = 31E4349C293397F7001711BC /* Preview Assets.xcassets */; };
		31E434A7293397F7001711BC /* LandmarksTests.swift in Sources */ = {isa = PBXBuildFile; fileRef = 31E434A6293397F7001711BC /* LandmarksTests.swift */; };
		31E434B1293397F7001711BC /* LandmarksUITests.swift in Sources */ = {isa = PBXBuildFile; fileRef = 31E434B0293397F7001711BC /* LandmarksUITests.swift */; };
		31E434B3293397F7001711BC /* LandmarksUITestsLaunchTests.swift in Sources */ = {isa = PBXBuildFile; fileRef = 31E434B2293397F7001711BC /* LandmarksUITestsLaunchTests.swift */; };
		31E434C02933A781001711BC /* CircleImage.swift in Sources */ = {isa = PBXBuildFile; fileRef = 31E434BF2933A781001711BC /* CircleImage.swift */; };
		31E434C22933AA9B001711BC /* MapView.swift in Sources */ = {isa = PBXBuildFile; fileRef = 31E434C12933AA9B001711BC /* MapView.swift */; };
/* End PBXBuildFile section */

/* Begin PBXContainerItemProxy section */
		31E434A3293397F7001711BC /* PBXContainerItemProxy */ = {
			isa = PBXContainerItemProxy;
			containerPortal = 31E4348A293397F6001711BC /* Project object */;
			proxyType = 1;
			remoteGlobalIDString = 31E43491293397F6001711BC;
			remoteInfo = Landmarks;
		};
		31E434AD293397F7001711BC /* PBXContainerItemProxy */ = {
			isa = PBXContainerItemProxy;
			containerPortal = 31E4348A293397F6001711BC /* Project object */;
			proxyType = 1;
			remoteGlobalIDString = 31E43491293397F6001711BC;
			remoteInfo = Landmarks;
		};
/* End PBXContainerItemProxy section */

/* Begin PBXFileReference section */
		317AA1F72934E1A10048C90C /* landmarkData.json */ = {isa = PBXFileReference; fileEncoding = 4; lastKnownFileType = text.json; path = landmarkData.json; sourceTree = "<group>"; };
		317AA1F92934E1D90048C90C /* Landmark.swift */ = {isa = PBXFileReference; lastKnownFileType = sourcecode.swift; path = Landmark.swift; sourceTree = "<group>"; };
		317AA1FB2934E57C0048C90C /* ModelData.swift */ = {isa = PBXFileReference; lastKnownFileType = sourcecode.swift; path = ModelData.swift; sourceTree = "<group>"; };
		318A6D9E293782E200637D11 /* LandmarkRow.swift */ = {isa = PBXFileReference; lastKnownFileType = sourcecode.swift; name = LandmarkRow.swift; path = Landmarks/Views/LandmarkRow.swift; sourceTree = SOURCE_ROOT; };
		318A6DA02937875A00637D11 /* LandmarkList.swift */ = {isa = PBXFileReference; lastKnownFileType = sourcecode.swift; path = LandmarkList.swift; sourceTree = "<group>"; };
		318A6DA229378BFD00637D11 /* LandmarkDetail.swift */ = {isa = PBXFileReference; lastKnownFileType = sourcecode.swift; path = LandmarkDetail.swift; sourceTree = "<group>"; };
		31E43492293397F6001711BC /* Landmarks.app */ = {isa = PBXFileReference; explicitFileType = wrapper.application; includeInIndex = 0; path = Landmarks.app; sourceTree = BUILT_PRODUCTS_DIR; };
		31E43495293397F6001711BC /* LandmarksApp.swift */ = {isa = PBXFileReference; lastKnownFileType = sourcecode.swift; path = LandmarksApp.swift; sourceTree = "<group>"; };
		31E43497293397F6001711BC /* ContentView.swift */ = {isa = PBXFileReference; lastKnownFileType = sourcecode.swift; path = ContentView.swift; sourceTree = "<group>"; };
		31E43499293397F7001711BC /* Assets.xcassets */ = {isa = PBXFileReference; lastKnownFileType = folder.assetcatalog; path = Assets.xcassets; sourceTree = "<group>"; };
		31E4349C293397F7001711BC /* Preview Assets.xcassets */ = {isa = PBXFileReference; lastKnownFileType = folder.assetcatalog; path = "Preview Assets.xcassets"; sourceTree = "<group>"; };
		31E434A2293397F7001711BC /* LandmarksTests.xctest */ = {isa = PBXFileReference; explicitFileType = wrapper.cfbundle; includeInIndex = 0; path = LandmarksTests.xctest; sourceTree = BUILT_PRODUCTS_DIR; };
		31E434A6293397F7001711BC /* LandmarksTests.swift */ = {isa = PBXFileReference; lastKnownFileType = sourcecode.swift; path = LandmarksTests.swift; sourceTree = "<group>"; };
		31E434AC293397F7001711BC /* LandmarksUITests.xctest */ = {isa = PBXFileReference; explicitFileType = wrapper.cfbundle; includeInIndex = 0; path = LandmarksUITests.xctest; sourceTree = BUILT_PRODUCTS_DIR; };
		31E434B0293397F7001711BC /* LandmarksUITests.swift */ = {isa = PBXFileReference; lastKnownFileType = sourcecode.swift; path = LandmarksUITests.swift; sourceTree = "<group>"; };
		31E434B2293397F7001711BC /* LandmarksUITestsLaunchTests.swift */ = {isa = PBXFileReference; lastKnownFileType = sourcecode.swift; path = LandmarksUITestsLaunchTests.swift; sourceTree = "<group>"; };
		31E434BF2933A781001711BC /* CircleImage.swift */ = {isa = PBXFileReference; lastKnownFileType = sourcecode.swift; path = CircleImage.swift; sourceTree = "<group>"; };
		31E434C12933AA9B001711BC /* MapView.swift */ = {isa = PBXFileReference; lastKnownFileType = sourcecode.swift; path = MapView.swift; sourceTree = "<group>"; };
/* End PBXFileReference section */

/* Begin PBXFrameworksBuildPhase section */
		31E4348F293397F6001711BC /* Frameworks */ = {
			isa = PBXFrameworksBuildPhase;
			buildActionMask = 2147483647;
			files = (
			);
			runOnlyForDeploymentPostprocessing = 0;
		};
		31E4349F293397F7001711BC /* Frameworks */ = {
			isa = PBXFrameworksBuildPhase;
			buildActionMask = 2147483647;
			files = (
			);
			runOnlyForDeploymentPostprocessing = 0;
		};
		31E434A9293397F7001711BC /* Frameworks */ = {
			isa = PBXFrameworksBuildPhase;
			buildActionMask = 2147483647;
			files = (
			);
			runOnlyForDeploymentPostprocessing = 0;
		};
/* End PBXFrameworksBuildPhase section */

/* Begin PBXGroup section */
		317AA1FD2934E6430048C90C /* Views */ = {
			isa = PBXGroup;
			children = (
				31E43497293397F6001711BC /* ContentView.swift */,
				31E434BF2933A781001711BC /* CircleImage.swift */,
				31E434C12933AA9B001711BC /* MapView.swift */,
				318A6DA229378BFD00637D11 /* LandmarkDetail.swift */,
				318A6DA02937875A00637D11 /* LandmarkList.swift */,
				318A6D9E293782E200637D11 /* LandmarkRow.swift */,
			);
			path = Views;
			sourceTree = "<group>";
		};
		317AA1FE2934E6A50048C90C /* Resources */ = {
			isa = PBXGroup;
			children = (
				317AA1F72934E1A10048C90C /* landmarkData.json */,
			);
			path = Resources;
			sourceTree = "<group>";
		};
		317AA1FF2934E6B50048C90C /* Models */ = {
			isa = PBXGroup;
			children = (
				317AA1FB2934E57C0048C90C /* ModelData.swift */,
				317AA1F92934E1D90048C90C /* Landmark.swift */,
			);
			path = Models;
			sourceTree = "<group>";
		};
		31E43489293397F6001711BC = {
			isa = PBXGroup;
			children = (
				31E43494293397F6001711BC /* Landmarks */,
				31E434A5293397F7001711BC /* LandmarksTests */,
				31E434AF293397F7001711BC /* LandmarksUITests */,
				31E43493293397F6001711BC /* Products */,
			);
			sourceTree = "<group>";
		};
		31E43493293397F6001711BC /* Products */ = {
			isa = PBXGroup;
			children = (
				31E43492293397F6001711BC /* Landmarks.app */,
				31E434A2293397F7001711BC /* LandmarksTests.xctest */,
				31E434AC293397F7001711BC /* LandmarksUITests.xctest */,
			);
			name = Products;
			sourceTree = "<group>";
		};
		31E43494293397F6001711BC /* Landmarks */ = {
			isa = PBXGroup;
			children = (
				31E43495293397F6001711BC /* LandmarksApp.swift */,
				317AA1FD2934E6430048C90C /* Views */,
				317AA1FF2934E6B50048C90C /* Models */,
				317AA1FE2934E6A50048C90C /* Resources */,
				31E43499293397F7001711BC /* Assets.xcassets */,
				31E4349B293397F7001711BC /* Preview Content */,
			);
			path = Landmarks;
			sourceTree = "<group>";
		};
		31E4349B293397F7001711BC /* Preview Content */ = {
			isa = PBXGroup;
			children = (
				31E4349C293397F7001711BC /* Preview Assets.xcassets */,
			);
			path = "Preview Content";
			sourceTree = "<group>";
		};
		31E434A5293397F7001711BC /* LandmarksTests */ = {
			isa = PBXGroup;
			children = (
				31E434A6293397F7001711BC /* LandmarksTests.swift */,
			);
			path = LandmarksTests;
			sourceTree = "<group>";
		};
		31E434AF293397F7001711BC /* LandmarksUITests */ = {
			isa = PBXGroup;
			children = (
				31E434B0293397F7001711BC /* LandmarksUITests.swift */,
				31E434B2293397F7001711BC /* LandmarksUITestsLaunchTests.swift */,
			);
			path = LandmarksUITests;
			sourceTree = "<group>";
		};
/* End PBXGroup section */

/* Begin PBXNativeTarget section */
		31E43491293397F6001711BC /* Landmarks */ = {
			isa = PBXNativeTarget;
			buildConfigurationList = 31E434B6293397F7001711BC /* Build configuration list for PBXNativeTarget "Landmarks" */;
			buildPhases = (
				31E4348E293397F6001711BC /* Sources */,
				31E4348F293397F6001711BC /* Frameworks */,
				31E43490293397F6001711BC /* Resources */,
			);
			buildRules = (
			);
			dependencies = (
			);
			name = Landmarks;
			productName = Landmarks;
			productReference = 31E43492293397F6001711BC /* Landmarks.app */;
			productType = "com.apple.product-type.application";
		};
		31E434A1293397F7001711BC /* LandmarksTests */ = {
			isa = PBXNativeTarget;
			buildConfigurationList = 31E434B9293397F7001711BC /* Build configuration list for PBXNativeTarget "LandmarksTests" */;
			buildPhases = (
				31E4349E293397F7001711BC /* Sources */,
				31E4349F293397F7001711BC /* Frameworks */,
				31E434A0293397F7001711BC /* Resources */,
			);
			buildRules = (
			);
			dependencies = (
				31E434A4293397F7001711BC /* PBXTargetDependency */,
			);
			name = LandmarksTests;
			productName = LandmarksTests;
			productReference = 31E434A2293397F7001711BC /* LandmarksTests.xctest */;
			productType = "com.apple.product-type.bundle.unit-test";
		};
		31E434AB293397F7001711BC /* LandmarksUITests */ = {
			isa = PBXNativeTarget;
			buildConfigurationList = 31E434BC293397F7001711BC /* Build configuration list for PBXNativeTarget "LandmarksUITests" */;
			buildPhases = (
				31E434A8293397F7001711BC /* Sources */,
				31E434A9293397F7001711BC /* Frameworks */,
				31E434AA293397F7001711BC /* Resources */,
			);
			buildRules = (
			);
			dependencies = (
				31E434AE293397F7001711BC /* PBXTargetDependency */,
			);
			name = LandmarksUITests;
			productName = LandmarksUITests;
			productReference = 31E434AC293397F7001711BC /* LandmarksUITests.xctest */;
			productType = "com.apple.product-type.bundle.ui-testing";
		};
/* End PBXNativeTarget section */

/* Begin PBXProject section */
		31E4348A293397F6001711BC /* Project object */ = {
			isa = PBXProject;
			attributes = {
				BuildIndependentTargetsInParallel = 1;
				LastSwiftUpdateCheck = 1410;
				LastUpgradeCheck = 1410;
				TargetAttributes = {
					31E43491293397F6001711BC = {
						CreatedOnToolsVersion = 14.1;
					};
					31E434A1293397F7001711BC = {
						CreatedOnToolsVersion = 14.1;
						TestTargetID = 31E43491293397F6001711BC;
					};
					31E434AB293397F7001711BC = {
						CreatedOnToolsVersion = 14.1;
						TestTargetID = 31E43491293397F6001711BC;
					};
				};
			};
			buildConfigurationList = 31E4348D293397F6001711BC /* Build configuration list for PBXProject "Landmarks" */;
			compatibilityVersion = "Xcode 14.0";
			developmentRegion = en;
			hasScannedForEncodings = 0;
			knownRegions = (
				en,
				Base,
			);
			mainGroup = 31E43489293397F6001711BC;
			productRefGroup = 31E43493293397F6001711BC /* Products */;
			projectDirPath = "";
			projectRoot = "";
			targets = (
				31E43491293397F6001711BC /* Landmarks */,
				31E434A1293397F7001711BC /* LandmarksTests */,
				31E434AB293397F7001711BC /* LandmarksUITests */,
			);
		};
/* End PBXProject section */

/* Begin PBXResourcesBuildPhase section */
		31E43490293397F6001711BC /* Resources */ = {
			isa = PBXResourcesBuildPhase;
			buildActionMask = 2147483647;
			files = (
				31E4349D293397F7001711BC /* Preview Assets.xcassets in Resources */,
				31E4349A293397F7001711BC /* Assets.xcassets in Resources */,
				317AA1F82934E1A10048C90C /* landmarkData.json in Resources */,
			);
			runOnlyForDeploymentPostprocessing = 0;
		};
		31E434A0293397F7001711BC /* Resources */ = {
			isa = PBXResourcesBuildPhase;
			buildActionMask = 2147483647;
			files = (
			);
			runOnlyForDeploymentPostprocessing = 0;
		};
		31E434AA293397F7001711BC /* Resources */ = {
			isa = PBXResourcesBuildPhase;
			buildActionMask = 2147483647;
			files = (
			);
			runOnlyForDeploymentPostprocessing = 0;
		};
/* End PBXResourcesBuildPhase section */

/* Begin PBXSourcesBuildPhase section */
		31E4348E293397F6001711BC /* Sources */ = {
			isa = PBXSourcesBuildPhase;
			buildActionMask = 2147483647;
			files = (
				31E43498293397F6001711BC /* ContentView.swift in Sources */,
				31E434C22933AA9B001711BC /* MapView.swift in Sources */,
				31E43496293397F6001711BC /* LandmarksApp.swift in Sources */,
				318A6DA12937875A00637D11 /* LandmarkList.swift in Sources */,
				318A6DA329378BFD00637D11 /* LandmarkDetail.swift in Sources */,
				31E434C02933A781001711BC /* CircleImage.swift in Sources */,
				317AA1FA2934E1D90048C90C /* Landmark.swift in Sources */,
				318A6D9F293782E200637D11 /* LandmarkRow.swift in Sources */,
				317AA1FC2934E57C0048C90C /* ModelData.swift in Sources */,
			);
			runOnlyForDeploymentPostprocessing = 0;
		};
		31E4349E293397F7001711BC /* Sources */ = {
			isa = PBXSourcesBuildPhase;
			buildActionMask = 2147483647;
			files = (
				31E434A7293397F7001711BC /* LandmarksTests.swift in Sources */,
			);
			runOnlyForDeploymentPostprocessing = 0;
		};
		31E434A8293397F7001711BC /* Sources */ = {
			isa = PBXSourcesBuildPhase;
			buildActionMask = 2147483647;
			files = (
				31E434B3293397F7001711BC /* LandmarksUITestsLaunchTests.swift in Sources */,
				31E434B1293397F7001711BC /* LandmarksUITests.swift in Sources */,
			);
			runOnlyForDeploymentPostprocessing = 0;
		};
/* End PBXSourcesBuildPhase section */

/* Begin PBXTargetDependency section */
		31E434A4293397F7001711BC /* PBXTargetDependency */ = {
			isa = PBXTargetDependency;
			target = 31E43491293397F6001711BC /* Landmarks */;
			targetProxy = 31E434A3293397F7001711BC /* PBXContainerItemProxy */;
		};
		31E434AE293397F7001711BC /* PBXTargetDependency */ = {
			isa = PBXTargetDependency;
			target = 31E43491293397F6001711BC /* Landmarks */;
			targetProxy = 31E434AD293397F7001711BC /* PBXContainerItemProxy */;
		};
/* End PBXTargetDependency section */

/* Begin XCBuildConfiguration section */
		31E434B4293397F7001711BC /* Debug */ = {
			isa = XCBuildConfiguration;
			buildSettings = {
				ALWAYS_SEARCH_USER_PATHS = NO;
				CLANG_ANALYZER_NONNULL = YES;
				CLANG_ANALYZER_NUMBER_OBJECT_CONVERSION = YES_AGGRESSIVE;
				CLANG_CXX_LANGUAGE_STANDARD = "gnu++20";
				CLANG_ENABLE_MODULES = YES;
				CLANG_ENABLE_OBJC_ARC = YES;
				CLANG_ENABLE_OBJC_WEAK = YES;
				CLANG_WARN_BLOCK_CAPTURE_AUTORELEASING = YES;
				CLANG_WARN_BOOL_CONVERSION = YES;
				CLANG_WARN_COMMA = YES;
				CLANG_WARN_CONSTANT_CONVERSION = YES;
				CLANG_WARN_DEPRECATED_OBJC_IMPLEMENTATIONS = YES;
				CLANG_WARN_DIRECT_OBJC_ISA_USAGE = YES_ERROR;
				CLANG_WARN_DOCUMENTATION_COMMENTS = YES;
				CLANG_WARN_EMPTY_BODY = YES;
				CLANG_WARN_ENUM_CONVERSION = YES;
				CLANG_WARN_INFINITE_RECURSION = YES;
				CLANG_WARN_INT_CONVERSION = YES;
				CLANG_WARN_NON_LITERAL_NULL_CONVERSION = YES;
				CLANG_WARN_OBJC_IMPLICIT_RETAIN_SELF = YES;
				CLANG_WARN_OBJC_LITERAL_CONVERSION = YES;
				CLANG_WARN_OBJC_ROOT_CLASS = YES_ERROR;
				CLANG_WARN_QUOTED_INCLUDE_IN_FRAMEWORK_HEADER = YES;
				CLANG_WARN_RANGE_LOOP_ANALYSIS = YES;
				CLANG_WARN_STRICT_PROTOTYPES = YES;
				CLANG_WARN_SUSPICIOUS_MOVE = YES;
				CLANG_WARN_UNGUARDED_AVAILABILITY = YES_AGGRESSIVE;
				CLANG_WARN_UNREACHABLE_CODE = YES;
				CLANG_WARN__DUPLICATE_METHOD_MATCH = YES;
				COPY_PHASE_STRIP = NO;
				DEBUG_INFORMATION_FORMAT = dwarf;
				ENABLE_STRICT_OBJC_MSGSEND = YES;
				ENABLE_TESTABILITY = YES;
				GCC_C_LANGUAGE_STANDARD = gnu11;
				GCC_DYNAMIC_NO_PIC = NO;
				GCC_NO_COMMON_BLOCKS = YES;
				GCC_OPTIMIZATION_LEVEL = 0;
				GCC_PREPROCESSOR_DEFINITIONS = (
					"DEBUG=1",
					"$(inherited)",
				);
				GCC_WARN_64_TO_32_BIT_CONVERSION = YES;
				GCC_WARN_ABOUT_RETURN_TYPE = YES_ERROR;
				GCC_WARN_UNDECLARED_SELECTOR = YES;
				GCC_WARN_UNINITIALIZED_AUTOS = YES_AGGRESSIVE;
				GCC_WARN_UNUSED_FUNCTION = YES;
				GCC_WARN_UNUSED_VARIABLE = YES;
				IPHONEOS_DEPLOYMENT_TARGET = 16.1;
				MTL_ENABLE_DEBUG_INFO = INCLUDE_SOURCE;
				MTL_FAST_MATH = YES;
				ONLY_ACTIVE_ARCH = YES;
				SDKROOT = iphoneos;
				SWIFT_ACTIVE_COMPILATION_CONDITIONS = DEBUG;
				SWIFT_OPTIMIZATION_LEVEL = "-Onone";
			};
			name = Debug;
		};
		31E434B5293397F7001711BC /* Release */ = {
			isa = XCBuildConfiguration;
			buildSettings = {
				ALWAYS_SEARCH_USER_PATHS = NO;
				CLANG_ANALYZER_NONNULL = YES;
				CLANG_ANALYZER_NUMBER_OBJECT_CONVERSION = YES_AGGRESSIVE;
				CLANG_CXX_LANGUAGE_STANDARD = "gnu++20";
				CLANG_ENABLE_MODULES = YES;
				CLANG_ENABLE_OBJC_ARC = YES;
				CLANG_ENABLE_OBJC_WEAK = YES;
				CLANG_WARN_BLOCK_CAPTURE_AUTORELEASING = YES;
				CLANG_WARN_BOOL_CONVERSION = YES;
				CLANG_WARN_COMMA = YES;
				CLANG_WARN_CONSTANT_CONVERSION = YES;
				CLANG_WARN_DEPRECATED_OBJC_IMPLEMENTATIONS = YES;
				CLANG_WARN_DIRECT_OBJC_ISA_USAGE = YES_ERROR;
				CLANG_WARN_DOCUMENTATION_COMMENTS = YES;
				CLANG_WARN_EMPTY_BODY = YES;
				CLANG_WARN_ENUM_CONVERSION = YES;
				CLANG_WARN_INFINITE_RECURSION = YES;
				CLANG_WARN_INT_CONVERSION = YES;
				CLANG_WARN_NON_LITERAL_NULL_CONVERSION = YES;
				CLANG_WARN_OBJC_IMPLICIT_RETAIN_SELF = YES;
				CLANG_WARN_OBJC_LITERAL_CONVERSION = YES;
				CLANG_WARN_OBJC_ROOT_CLASS = YES_ERROR;
				CLANG_WARN_QUOTED_INCLUDE_IN_FRAMEWORK_HEADER = YES;
				CLANG_WARN_RANGE_LOOP_ANALYSIS = YES;
				CLANG_WARN_STRICT_PROTOTYPES = YES;
				CLANG_WARN_SUSPICIOUS_MOVE = YES;
				CLANG_WARN_UNGUARDED_AVAILABILITY = YES_AGGRESSIVE;
				CLANG_WARN_UNREACHABLE_CODE = YES;
				CLANG_WARN__DUPLICATE_METHOD_MATCH = YES;
				COPY_PHASE_STRIP = NO;
				DEBUG_INFORMATION_FORMAT = "dwarf-with-dsym";
				ENABLE_NS_ASSERTIONS = NO;
				ENABLE_STRICT_OBJC_MSGSEND = YES;
				GCC_C_LANGUAGE_STANDARD = gnu11;
				GCC_NO_COMMON_BLOCKS = YES;
				GCC_WARN_64_TO_32_BIT_CONVERSION = YES;
				GCC_WARN_ABOUT_RETURN_TYPE = YES_ERROR;
				GCC_WARN_UNDECLARED_SELECTOR = YES;
				GCC_WARN_UNINITIALIZED_AUTOS = YES_AGGRESSIVE;
				GCC_WARN_UNUSED_FUNCTION = YES;
				GCC_WARN_UNUSED_VARIABLE = YES;
				IPHONEOS_DEPLOYMENT_TARGET = 16.1;
				MTL_ENABLE_DEBUG_INFO = NO;
				MTL_FAST_MATH = YES;
				SDKROOT = iphoneos;
				SWIFT_COMPILATION_MODE = wholemodule;
				SWIFT_OPTIMIZATION_LEVEL = "-O";
				VALIDATE_PRODUCT = YES;
			};
			name = Release;
		};
		31E434B7293397F7001711BC /* Debug */ = {
			isa = XCBuildConfiguration;
			buildSettings = {
				ASSETCATALOG_COMPILER_APPICON_NAME = AppIcon;
				ASSETCATALOG_COMPILER_GLOBAL_ACCENT_COLOR_NAME = AccentColor;
				CODE_SIGN_STYLE = Automatic;
				CURRENT_PROJECT_VERSION = 1;
				DEVELOPMENT_ASSET_PATHS = "\"Landmarks/Preview Content\"";
				ENABLE_PREVIEWS = YES;
				GENERATE_INFOPLIST_FILE = YES;
				INFOPLIST_KEY_UIApplicationSceneManifest_Generation = YES;
				INFOPLIST_KEY_UIApplicationSupportsIndirectInputEvents = YES;
				INFOPLIST_KEY_UILaunchScreen_Generation = YES;
				INFOPLIST_KEY_UISupportedInterfaceOrientations_iPad = "UIInterfaceOrientationPortrait UIInterfaceOrientationPortraitUpsideDown UIInterfaceOrientationLandscapeLeft UIInterfaceOrientationLandscapeRight";
				INFOPLIST_KEY_UISupportedInterfaceOrientations_iPhone = "UIInterfaceOrientationPortrait UIInterfaceOrientationLandscapeLeft UIInterfaceOrientationLandscapeRight";
				LD_RUNPATH_SEARCH_PATHS = (
					"$(inherited)",
					"@executable_path/Frameworks",
				);
				MARKETING_VERSION = 1.0;
				PRODUCT_BUNDLE_IDENTIFIER = com.baus.Landmarks.Landmarks;
				PRODUCT_NAME = "$(TARGET_NAME)";
				SWIFT_EMIT_LOC_STRINGS = YES;
				SWIFT_VERSION = 5.0;
				TARGETED_DEVICE_FAMILY = "1,2";
			};
			name = Debug;
		};
		31E434B8293397F7001711BC /* Release */ = {
			isa = XCBuildConfiguration;
			buildSettings = {
				ASSETCATALOG_COMPILER_APPICON_NAME = AppIcon;
				ASSETCATALOG_COMPILER_GLOBAL_ACCENT_COLOR_NAME = AccentColor;
				CODE_SIGN_STYLE = Automatic;
				CURRENT_PROJECT_VERSION = 1;
				DEVELOPMENT_ASSET_PATHS = "\"Landmarks/Preview Content\"";
				ENABLE_PREVIEWS = YES;
				GENERATE_INFOPLIST_FILE = YES;
				INFOPLIST_KEY_UIApplicationSceneManifest_Generation = YES;
				INFOPLIST_KEY_UIApplicationSupportsIndirectInputEvents = YES;
				INFOPLIST_KEY_UILaunchScreen_Generation = YES;
				INFOPLIST_KEY_UISupportedInterfaceOrientations_iPad = "UIInterfaceOrientationPortrait UIInterfaceOrientationPortraitUpsideDown UIInterfaceOrientationLandscapeLeft UIInterfaceOrientationLandscapeRight";
				INFOPLIST_KEY_UISupportedInterfaceOrientations_iPhone = "UIInterfaceOrientationPortrait UIInterfaceOrientationLandscapeLeft UIInterfaceOrientationLandscapeRight";
				LD_RUNPATH_SEARCH_PATHS = (
					"$(inherited)",
					"@executable_path/Frameworks",
				);
				MARKETING_VERSION = 1.0;
				PRODUCT_BUNDLE_IDENTIFIER = com.baus.Landmarks.Landmarks;
				PRODUCT_NAME = "$(TARGET_NAME)";
				SWIFT_EMIT_LOC_STRINGS = YES;
				SWIFT_VERSION = 5.0;
				TARGETED_DEVICE_FAMILY = "1,2";
			};
			name = Release;
		};
		31E434BA293397F7001711BC /* Debug */ = {
			isa = XCBuildConfiguration;
			buildSettings = {
				ALWAYS_EMBED_SWIFT_STANDARD_LIBRARIES = YES;
				BUNDLE_LOADER = "$(TEST_HOST)";
				CODE_SIGN_STYLE = Automatic;
				CURRENT_PROJECT_VERSION = 1;
				GENERATE_INFOPLIST_FILE = YES;
				IPHONEOS_DEPLOYMENT_TARGET = 16.1;
				MARKETING_VERSION = 1.0;
				PRODUCT_BUNDLE_IDENTIFIER = com.baus.Landmarks.LandmarksTests;
				PRODUCT_NAME = "$(TARGET_NAME)";
				SWIFT_EMIT_LOC_STRINGS = NO;
				SWIFT_VERSION = 5.0;
				TARGETED_DEVICE_FAMILY = "1,2";
				TEST_HOST = "$(BUILT_PRODUCTS_DIR)/Landmarks.app/$(BUNDLE_EXECUTABLE_FOLDER_PATH)/Landmarks";
			};
			name = Debug;
		};
		31E434BB293397F7001711BC /* Release */ = {
			isa = XCBuildConfiguration;
			buildSettings = {
				ALWAYS_EMBED_SWIFT_STANDARD_LIBRARIES = YES;
				BUNDLE_LOADER = "$(TEST_HOST)";
				CODE_SIGN_STYLE = Automatic;
				CURRENT_PROJECT_VERSION = 1;
				GENERATE_INFOPLIST_FILE = YES;
				IPHONEOS_DEPLOYMENT_TARGET = 16.1;
				MARKETING_VERSION = 1.0;
				PRODUCT_BUNDLE_IDENTIFIER = com.baus.Landmarks.LandmarksTests;
				PRODUCT_NAME = "$(TARGET_NAME)";
				SWIFT_EMIT_LOC_STRINGS = NO;
				SWIFT_VERSION = 5.0;
				TARGETED_DEVICE_FAMILY = "1,2";
				TEST_HOST = "$(BUILT_PRODUCTS_DIR)/Landmarks.app/$(BUNDLE_EXECUTABLE_FOLDER_PATH)/Landmarks";
			};
			name = Release;
		};
		31E434BD293397F7001711BC /* Debug */ = {
			isa = XCBuildConfiguration;
			buildSettings = {
				ALWAYS_EMBED_SWIFT_STANDARD_LIBRARIES = YES;
				CODE_SIGN_STYLE = Automatic;
				CURRENT_PROJECT_VERSION = 1;
				GENERATE_INFOPLIST_FILE = YES;
				MARKETING_VERSION = 1.0;
				PRODUCT_BUNDLE_IDENTIFIER = com.baus.Landmarks.LandmarksUITests;
				PRODUCT_NAME = "$(TARGET_NAME)";
				SWIFT_EMIT_LOC_STRINGS = NO;
				SWIFT_VERSION = 5.0;
				TARGETED_DEVICE_FAMILY = "1,2";
				TEST_TARGET_NAME = Landmarks;
			};
			name = Debug;
		};
		31E434BE293397F7001711BC /* Release */ = {
			isa = XCBuildConfiguration;
			buildSettings = {
				ALWAYS_EMBED_SWIFT_STANDARD_LIBRARIES = YES;
				CODE_SIGN_STYLE = Automatic;
				CURRENT_PROJECT_VERSION = 1;
				GENERATE_INFOPLIST_FILE = YES;
				MARKETING_VERSION = 1.0;
				PRODUCT_BUNDLE_IDENTIFIER = com.baus.Landmarks.LandmarksUITests;
				PRODUCT_NAME = "$(TARGET_NAME)";
				SWIFT_EMIT_LOC_STRINGS = NO;
				SWIFT_VERSION = 5.0;
				TARGETED_DEVICE_FAMILY = "1,2";
				TEST_TARGET_NAME = Landmarks;
			};
			name = Release;
		};
/* End XCBuildConfiguration section */

/* Begin XCConfigurationList section */
		31E4348D293397F6001711BC /* Build configuration list for PBXProject "Landmarks" */ = {
			isa = XCConfigurationList;
			buildConfigurations = (
				31E434B4293397F7001711BC /* Debug */,
				31E434B5293397F7001711BC /* Release */,
			);
			defaultConfigurationIsVisible = 0;
			defaultConfigurationName = Release;
		};
		31E434B6293397F7001711BC /* Build configuration list for PBXNativeTarget "Landmarks" */ = {
			isa = XCConfigurationList;
			buildConfigurations = (
				31E434B7293397F7001711BC /* Debug */,
				31E434B8293397F7001711BC /* Release */,
			);
			defaultConfigurationIsVisible = 0;
			defaultConfigurationName = Release;
		};
		31E434B9293397F7001711BC /* Build configuration list for PBXNativeTarget "LandmarksTests" */ = {
			isa = XCConfigurationList;
			buildConfigurations = (
				31E434BA293397F7001711BC /* Debug */,
				31E434BB293397F7001711BC /* Release */,
			);
			defaultConfigurationIsVisible = 0;
			defaultConfigurationName = Release;
		};
		31E434BC293397F7001711BC /* Build configuration list for PBXNativeTarget "LandmarksUITests" */ = {
			isa = XCConfigurationList;
			buildConfigurations = (
				31E434BD293397F7001711BC /* Debug */,
				31E434BE293397F7001711BC /* Release */,
			);
			defaultConfigurationIsVisible = 0;
			defaultConfigurationName = Release;
		};
/* End XCConfigurationList section */
	};
	rootObject = 31E4348A293397F6001711BC /* Project object */;
}
